Microsoft Visual Studio Solution File, Format Version 12.00
# Visual Studio 14
VisualStudioVersion = 14.0.25420.1
MinimumVisualStudioVersion = 10.0.40219.1
Project("{FAE04EC0-301F-11D3-BF4B-00C04F79EFBC}") = "BusinessIntelligence.I18n", "BusinessIntelligence.I18n\BusinessIntelligence.I18n.csproj", "{A1D95DAE-AB2B-4D12-AB31-2D27A9DBC560}"
EndProject
Project("{FAE04EC0-301F-11D3-BF4B-00C04F79EFBC}") = "BusinessIntelligence.Persistence.Database", "BusinessIntelligence.Persistence.Database\BusinessIntelligence.Persistence.Database.csproj", "{81090221-4B6C-47D2-905A-52B78AFEC9DC}"
EndProject
Project("{FAE04EC0-301F-11D3-BF4B-00C04F79EFBC}") = "BusinessIntelligence.Integration.GoogleAnalytics", "BusinessIntelligence.Integration.GoogleAnalytics\BusinessIntelligence.Integration.GoogleAnalytics.csproj", "{746C2241-AE39-42B8-8188-0B7FA0EBB09B}"
EndProject
Project("{FAE04EC0-301F-11D3-BF4B-00C04F79EFBC}") = "BusinessIntelligence.ETL.Financial.AccountingBalance", "BusinessIntelligence.ETL.Financial.AccountingBalance\BusinessIntelligence.ETL.Financial.AccountingBalance.csproj", "{AAE82F91-2F51-47D7-9C04-E2EBE8041DB2}"
EndProject
Project("{FAE04EC0-301F-11D3-BF4B-00C04F79EFBC}") = "BusinessIntelligence.Common", "BusinessIntelligence.Common\BusinessIntelligence.Common.csproj", "{7E29ADDD-D954-4319-872F-057D4271CDE7}"
EndProject
Project("{FAE04EC0-301F-11D3-BF4B-00C04F79EFBC}") = "BusinessIntelligence.ETL.Financial.AccountingBudget", "BusinessIntelligence.ETL.Financial.AccountingBudget\BusinessIntelligence.ETL.Financial.AccountingBudget.csproj", "{3C322A48-0967-47D9-B6A3-D59FA2B1DACF}"
EndProject
Project("{FAE04EC0-301F-11D3-BF4B-00C04F79EFBC}") = "BusinessIntelligence.ETL.Financial.AccountingCosts", "BusinessIntelligence.ETL.Financial.AccountingCosts\BusinessIntelligence.ETL.Financial.AccountingCosts.csproj", "{7FD78CF4-CF68-484D-8825-FC5B9877EEE5}"
EndProject
Project("{FAE04EC0-301F-11D3-BF4B-00C04F79EFBC}") = "BusinessIntelligence.Reports", "BusinessIntelligence.Reports\BusinessIntelligence.Reports.csproj", "{FB40DB1F-3328-41C0-95E6-259561FA882E}"
EndProject
Project("{FAE04EC0-301F-11D3-BF4B-00C04F79EFBC}") = "BusinessIntelligence.App.Financial", "BusinessIntelligence.App.Financial\BusinessIntelligence.App.Financial.csproj", "{B1C20B8D-78DF-45C2-B16F-D3DAC49A618E}"
EndProject
Project("{FAE04EC0-301F-11D3-BF4B-00C04F79EFBC}") = "BusinessIntelligence.App.Financial.Data", "BusinessIntelligence.App.Financial.Data\BusinessIntelligence.App.Financial.Data.csproj", "{BA355A8C-707B-4B30-85EA-E5400B3D9532}"
EndProject
Project("{FAE04EC0-301F-11D3-BF4B-00C04F79EFBC}") = "BusinessIntelligence.App.Marketing.CampaignReturn", "BusinessIntelligence.App.Marketing.CampaignReturn\BusinessIntelligence.App.Marketing.CampaignReturn.csproj", "{D1F03D12-29FE-4D58-9525-2BAA732FD557}"
EndProject
Project("{FAE04EC0-301F-11D3-BF4B-00C04F79EFBC}") = "BusinessIntelligence.App.Marketing.Data", "BusinessIntelligence.App.Marketing.Data\BusinessIntelligence.App.Marketing.Data.csproj", "{7C33BB52-20F3-4E7E-8541-5F424EC05B3C}"
EndProject
Project("{FAE04EC0-301F-11D3-BF4B-00C04F79EFBC}") = "BusinessIntelligence.App.Marketing", "BusinessIntelligence.App.Marketing\BusinessIntelligence.App.Marketing.csproj", "{B64C47D1-1A6E-49B0-8CF6-523FFE522629}"
EndProject
Project("{FAE04EC0-301F-11D3-BF4B-00C04F79EFBC}") = "BusinessIntelligence.App.Marketing.CampaignMaker", "BusinessIntelligence.App.Marketing.CampaignMaker\BusinessIntelligence.App.Marketing.CampaignMaker.csproj", "{8FAEE89D-F827-4937-A433-CFFD28570BB9}"
EndProject
Project("{FAE04EC0-301F-11D3-BF4B-00C04F79EFBC}") = "BusinessIntelligence.App.Marketing.EmailMakerContainer", "BusinessIntelligence.App.Marketing.EmailMakerContainer\BusinessIntelligence.App.Marketing.EmailMakerContainer.csproj", "{51CA808C-9A44-4042-B51C-C1EE18679184}"
EndProject
Project("{FAE04EC0-301F-11D3-BF4B-00C04F79EFBC}") = "BusinessIntelligence.App.Marketing.MailingSelectorContainer", "BusinessIntelligence.App.Marketing.MailingSelectorContainer\BusinessIntelligence.App.Marketing.MailingSelectorContainer.csproj", "{3043B56E-260A-4238-868E-2EB69A9057B9}"
EndProject
Project("{FAE04EC0-301F-11D3-BF4B-00C04F79EFBC}") = "BusinessIntelligence.ETL.Email.ReturnPathReport", "BusinessIntelligence.ETL.Email.ReturnPathReport\BusinessIntelligence.ETL.Email.ReturnPathReport.csproj", "{549F5835-D5D6-46F3-BE68-4FEC785E1DB9}"
EndProject
Project("{FAE04EC0-301F-11D3-BF4B-00C04F79EFBC}") = "BusinessIntelligence.Data.Redshift", "BusinessIntelligence.Data.Redshift\BusinessIntelligence.Data.Redshift.csproj", "{9DD434CC-D890-48DB-8FB4-5A648AD23427}"
EndProject
Project("{FAE04EC0-301F-11D3-BF4B-00C04F79EFBC}") = "BusinessIntelligence.MIME", "BusinessIntelligence.MIME\BusinessIntelligence.MIME.csproj", "{634B0667-4C7D-4E0A-BA15-FEAD9DA0F44A}"
EndProject
Project("{FAE04EC0-301F-11D3-BF4B-00C04F79EFBC}") = "BusinessIntelligence.IMAPClient", "BusinessIntelligence.IMAPClient\BusinessIntelligence.IMAPClient.csproj", "{909F2474-1F08-478C-BEB4-1CBCA3D04D49}"
EndProject
Project("{FAE04EC0-301F-11D3-BF4B-00C04F79EFBC}") = "BusinessIntelligence.ETL", "BusinessIntelligence.ETL\BusinessIntelligence.ETL.csproj", "{8E770CDC-29D1-4EEC-BB7D-3EE48E8C0AA2}"
EndProject
Project("{FAE04EC0-301F-11D3-BF4B-00C04F79EFBC}") = "BusinessIntelligence.ETL.ScriptExecutor", "BusinessIntelligence.ETL.ScriptExecutor\BusinessIntelligence.ETL.ScriptExecutor.csproj", "{9FEC6681-6BA1-4039-9DFA-1A6868DDC05E}"
EndProject
Project("{FAE04EC0-301F-11D3-BF4B-00C04F79EFBC}") = "BusinessIntelligence.App.Security.Cryptography", "BusinessIntelligence.App.Security.Cryptography\BusinessIntelligence.App.Security.Cryptography.csproj", "{108C809D-2FE0-4BA9-9BA7-330BD734D585}"
EndProject
Project("{FAE04EC0-301F-11D3-BF4B-00C04F79EFBC}") = "BusinessIntelligence.App.Security.CreateKey", "BusinessIntelligence.App.Security.CreateKey\BusinessIntelligence.App.Security.CreateKey.csproj", "{D2386D74-02CD-4FDC-993B-1EFDB0524962}"
EndProject
Project("{FAE04EC0-301F-11D3-BF4B-00C04F79EFBC}") = "BusinessIntelligence.App.Security.StoreParameter", "BusinessIntelligence.App.Security.StoreParameter\BusinessIntelligence.App.Security.StoreParameter.csproj", "{78CB4D18-174C-400E-B83F-2B17277F2D3F}"
EndProject
Project("{FAE04EC0-301F-11D3-BF4B-00C04F79EFBC}") = "BusinessIntelligence.Test", "BusinessIntelligence.Test\BusinessIntelligence.Test.csproj", "{321498CD-5DA0-4158-AE49-56F9B77B8FC8}"
EndProject
Project("{FAE04EC0-301F-11D3-BF4B-00C04F79EFBC}") = "BusinessIntelligence.ETL.UserAccountsUnification", "BusinessIntelligence.ETL.UserAccountsUnification\BusinessIntelligence.ETL.UserAccountsUnification.csproj", "{B8857A7D-9049-4C78-B2DA-09848BDA4D15}"
EndProject
Project("{FAE04EC0-301F-11D3-BF4B-00C04F79EFBC}") = "BusinessIntelligence.Listener", "BusinessIntelligence.Listener\BusinessIntelligence.Listener.csproj", "{D7F8E6CD-ECF1-4F65-A96C-9C452BC6F3F6}"
EndProject
Project("{FAE04EC0-301F-11D3-BF4B-00C04F79EFBC}") = "BusinessIntelligence.ListenerConsole", "BusinessIntelligence.ListenerConsole\BusinessIntelligence.ListenerConsole.csproj", "{69F786FC-42AF-40F8-9CC7-4819F5F59C2F}"
EndProject
Project("{FAE04EC0-301F-11D3-BF4B-00C04F79EFBC}") = "BusinessIntelligence.ListenerService", "BusinessIntelligence.ListenerService\BusinessIntelligence.ListenerService.csproj", "{57181933-2E7A-4E10-BE70-79E6C521FBBE}"
EndProject
Project("{FAE04EC0-301F-11D3-BF4B-00C04F79EFBC}") = "BusinessIntelligence.TestConnections", "BusinessIntelligence.TestConnections\BusinessIntelligence.TestConnections.csproj", "{CB676F63-52E2-44C2-9BC3-CDB03A5E05AD}"
EndProject
Project("{FAE04EC0-301F-11D3-BF4B-00C04F79EFBC}") = "BusinessIntelligence.ETL.Transfer.RedshiftToReports", "BusinessIntelligence.ETL.Transfer.RedshiftToReports\BusinessIntelligence.ETL.Transfer.RedshiftToReports.csproj", "{DC3E9C8F-F117-4CE8-8F8B-168EA62C0A0B}"
EndProject
Project("{FAE04EC0-301F-11D3-BF4B-00C04F79EFBC}") = "BusinessIntelligence.Controls", "BusinessIntelligence.Controls\BusinessIntelligence.Controls.csproj", "{B2264AA2-5EEF-4F1F-A233-927666B11711}"
EndProject
Project("{FAE04EC0-301F-11D3-BF4B-00C04F79EFBC}") = "BusinessIntelligence.ETL.Transfer.ReportsToRedshift", "BusinessIntelligence.ETL.Transfer.ReportsToRedshift\BusinessIntelligence.ETL.Transfer.ReportsToRedshift.csproj", "{B885EDF3-08C1-4F99-9E44-594E0A1CC910}"
EndProject
Project("{FAE04EC0-301F-11D3-BF4B-00C04F79EFBC}") = "BusinessIntelligence.ETL.LTV-AB", "BusinessIntelligence.ETL.LTV-AB\BusinessIntelligence.ETL.LTV-AB.csproj", "{A61FA848-0FEC-4F39-AF17-69E71006B04A}"
EndProject
Project("{FAE04EC0-301F-11D3-BF4B-00C04F79EFBC}") = "BusinessIntelligence.App.Marketing.CustomizedListCreatorContainer", "BusinessIntelligence.App.Marketing.CustomizedListCreatorContainer\BusinessIntelligence.App.Marketing.CustomizedListCreatorContainer.csproj", "{EE260773-157B-44C2-B3BB-77B0EBAACBB6}"
EndProject
Project("{FAE04EC0-301F-11D3-BF4B-00C04F79EFBC}") = "BusinessIntelligence.App.KillProcess", "BusinessIntelligence.App.KillProcess\BusinessIntelligence.App.KillProcess.csproj", "{AC82F667-492B-4CF2-AA6B-52ED4EB4694F}"
EndProject
Project("{FAE04EC0-301F-11D3-BF4B-00C04F79EFBC}") = "BusinessIntelligence.App.RedshiftLoader", "BusinessIntelligence.App.RedshiftLoader\BusinessIntelligence.App.RedshiftLoader.csproj", "{D90DA41D-9262-46AF-9DA3-CA953B83BFED}"
EndProject
Project("{FAE04EC0-301F-11D3-BF4B-00C04F79EFBC}") = "BusinessIntelligence.Integration.Salesforce", "BusinessIntelligence.Integration.Salesforce\BusinessIntelligence.Integration.Salesforce.csproj", "{AA3E04B1-76FD-487F-9C17-69BBD4E863FD}"
EndProject
Project("{FAE04EC0-301F-11D3-BF4B-00C04F79EFBC}") = "BusinessIntelligence.App.StoreCredentials", "BusinessIntelligence.App.StoreCredentials\BusinessIntelligence.App.StoreCredentials.csproj", "{4AE49B51-7C8E-48F3-B8A7-081754844C53}"
EndProject
Project("{FAE04EC0-301F-11D3-BF4B-00C04F79EFBC}") = "BusinessIntelligence.CheckConsistency", "BusinessIntelligence.CheckConsistency\BusinessIntelligence.CheckConsistency.csproj", "{611939C6-C241-4C95-9889-FDB0B0335B93}"
EndProject
Project("{FAE04EC0-301F-11D3-BF4B-00C04F79EFBC}") = "BusinessIntelligence.Report", "BusinessIntelligence.Report\BusinessIntelligence.Report.csproj", "{F912EEBA-F5E5-4D6D-9DBC-A6FB8F9EC2A9}"
EndProject
Project("{FAE04EC0-301F-11D3-BF4B-00C04F79EFBC}") = "BusinessIntelligence.Web.Api", "BusinessIntelligence.Web.Api\BusinessIntelligence.Web.Api.csproj", "{F8D735A7-2917-45C1-8BF1-620192DEA0DD}"
EndProject
Project("{FAE04EC0-301F-11D3-BF4B-00C04F79EFBC}") = "BusinessIntelligence.Persistence.ApiClient", "BusinessIntelligence.Persistence.ApiClient\BusinessIntelligence.Persistence.ApiClient.csproj", "{8096E1D5-6694-42AE-B948-BCF0183F161C}"
EndProject
Project("{FAE04EC0-301F-11D3-BF4B-00C04F79EFBC}") = "BusinessIntelligence.Persistence", "BusinessIntelligence.Persistence\BusinessIntelligence.Persistence.csproj", "{CA88F7EE-7F14-4D01-9690-80B6DAB16B45}"
EndProject
Project("{FAE04EC0-301F-11D3-BF4B-00C04F79EFBC}") = "BusinessIntelligence.Members", "BusinessIntelligence.Members\BusinessIntelligence.Members.csproj", "{31303AF2-E92A-4647-8F21-5FEF0C3326A8}"
EndProject
Project("{FAE04EC0-301F-11D3-BF4B-00C04F79EFBC}") = "BusinessIntelligence.Persistence.Controls", "BusinessIntelligence.Persistence.Controls\BusinessIntelligence.Persistence.Controls.csproj", "{9AD1F1DF-F2E3-4287-932F-58A735EE3546}"
EndProject
Project("{FAE04EC0-301F-11D3-BF4B-00C04F79EFBC}") = "SparkTest", "SparkTest\SparkTest.csproj", "{71A7438F-C943-419C-AFFF-E69143227E75}"
EndProject
Project("{2150E333-8FDC-42A3-9474-1A3956D46DE8}") = "WindowsApp", "WindowsApp", "{0BDE9CD8-02B1-4A05-A68C-0537144525C2}"
EndProject
Project("{2150E333-8FDC-42A3-9474-1A3956D46DE8}") = "ETL", "ETL", "{036CB763-E543-43AE-99D5-123AA5D7047F}"
EndProject
Project("{2150E333-8FDC-42A3-9474-1A3956D46DE8}") = "ConsoleApp", "ConsoleApp", "{3FEEC3A1-D8C7-4DB2-9FD6-7D95100C8DEF}"
EndProject
Project("{2150E333-8FDC-42A3-9474-1A3956D46DE8}") = "WebApp", "WebApp", "{F713F056-12D4-464D-9C2D-E1CACD2C603F}"
EndProject
Project("{2150E333-8FDC-42A3-9474-1A3956D46DE8}") = "Shared", "Shared", "{EB920AED-E002-4C00-91E4-C8E3EBEF86A0}"
EndProject
Project("{2150E333-8FDC-42A3-9474-1A3956D46DE8}") = "WindowsService", "WindowsService", "{13C41D10-4C4C-40C6-94D4-FDB9C88DFB2E}"
EndProject
Project("{FAE04EC0-301F-11D3-BF4B-00C04F79EFBC}") = "BI.Web.RedshiftLoader", "BI.Web.RedshiftLoader\BI.Web.RedshiftLoader.csproj", "{9821849C-812F-4503-8485-660553F3607A}"
EndProject
Project("{FAE04EC0-301F-11D3-BF4B-00C04F79EFBC}") = "BusinessIntelligence.Test.ApiClient", "BusinessIntelligence.Test.ApiClient\BusinessIntelligence.Test.ApiClient.csproj", "{EF14F71A-A1F3-424C-A30C-7C3BA5848D6C}"
EndProject
Global
	GlobalSection(SolutionConfigurationPlatforms) = preSolution
		Debug|Any CPU = Debug|Any CPU
		Debug|Mixed Platforms = Debug|Mixed Platforms
		Debug|x86 = Debug|x86
		Release|Any CPU = Release|Any CPU
		Release|Mixed Platforms = Release|Mixed Platforms
		Release|x86 = Release|x86
	EndGlobalSection
	GlobalSection(ProjectConfigurationPlatforms) = postSolution
		{A1D95DAE-AB2B-4D12-AB31-2D27A9DBC560}.Debug|Any CPU.ActiveCfg = Debug|Any CPU
		{A1D95DAE-AB2B-4D12-AB31-2D27A9DBC560}.Debug|Any CPU.Build.0 = Debug|Any CPU
		{A1D95DAE-AB2B-4D12-AB31-2D27A9DBC560}.Debug|Mixed Platforms.ActiveCfg = Debug|Any CPU
		{A1D95DAE-AB2B-4D12-AB31-2D27A9DBC560}.Debug|Mixed Platforms.Build.0 = Debug|Any CPU
		{A1D95DAE-AB2B-4D12-AB31-2D27A9DBC560}.Debug|x86.ActiveCfg = Debug|Any CPU
		{A1D95DAE-AB2B-4D12-AB31-2D27A9DBC560}.Release|Any CPU.ActiveCfg = Release|Any CPU
		{A1D95DAE-AB2B-4D12-AB31-2D27A9DBC560}.Release|Any CPU.Build.0 = Release|Any CPU
		{A1D95DAE-AB2B-4D12-AB31-2D27A9DBC560}.Release|Mixed Platforms.ActiveCfg = Release|Any CPU
		{A1D95DAE-AB2B-4D12-AB31-2D27A9DBC560}.Release|Mixed Platforms.Build.0 = Release|Any CPU
		{A1D95DAE-AB2B-4D12-AB31-2D27A9DBC560}.Release|x86.ActiveCfg = Release|Any CPU
		{81090221-4B6C-47D2-905A-52B78AFEC9DC}.Debug|Any CPU.ActiveCfg = Debug|Any CPU
		{81090221-4B6C-47D2-905A-52B78AFEC9DC}.Debug|Any CPU.Build.0 = Debug|Any CPU
		{81090221-4B6C-47D2-905A-52B78AFEC9DC}.Debug|Mixed Platforms.ActiveCfg = Debug|x86
		{81090221-4B6C-47D2-905A-52B78AFEC9DC}.Debug|Mixed Platforms.Build.0 = Debug|x86
		{81090221-4B6C-47D2-905A-52B78AFEC9DC}.Debug|x86.ActiveCfg = Debug|x86
		{81090221-4B6C-47D2-905A-52B78AFEC9DC}.Debug|x86.Build.0 = Debug|x86
		{81090221-4B6C-47D2-905A-52B78AFEC9DC}.Release|Any CPU.ActiveCfg = Release|Any CPU
		{81090221-4B6C-47D2-905A-52B78AFEC9DC}.Release|Any CPU.Build.0 = Release|Any CPU
		{81090221-4B6C-47D2-905A-52B78AFEC9DC}.Release|Mixed Platforms.ActiveCfg = Release|x86
		{81090221-4B6C-47D2-905A-52B78AFEC9DC}.Release|Mixed Platforms.Build.0 = Release|x86
		{81090221-4B6C-47D2-905A-52B78AFEC9DC}.Release|x86.ActiveCfg = Release|x86
		{81090221-4B6C-47D2-905A-52B78AFEC9DC}.Release|x86.Build.0 = Release|x86
		{746C2241-AE39-42B8-8188-0B7FA0EBB09B}.Debug|Any CPU.ActiveCfg = Debug|Any CPU
		{746C2241-AE39-42B8-8188-0B7FA0EBB09B}.Debug|Any CPU.Build.0 = Debug|Any CPU
		{746C2241-AE39-42B8-8188-0B7FA0EBB09B}.Debug|Mixed Platforms.ActiveCfg = Debug|Any CPU
		{746C2241-AE39-42B8-8188-0B7FA0EBB09B}.Debug|Mixed Platforms.Build.0 = Debug|Any CPU
		{746C2241-AE39-42B8-8188-0B7FA0EBB09B}.Debug|x86.ActiveCfg = Debug|Any CPU
		{746C2241-AE39-42B8-8188-0B7FA0EBB09B}.Release|Any CPU.ActiveCfg = Release|Any CPU
		{746C2241-AE39-42B8-8188-0B7FA0EBB09B}.Release|Any CPU.Build.0 = Release|Any CPU
		{746C2241-AE39-42B8-8188-0B7FA0EBB09B}.Release|Mixed Platforms.ActiveCfg = Release|Any CPU
		{746C2241-AE39-42B8-8188-0B7FA0EBB09B}.Release|Mixed Platforms.Build.0 = Release|Any CPU
		{746C2241-AE39-42B8-8188-0B7FA0EBB09B}.Release|x86.ActiveCfg = Release|Any CPU
		{AAE82F91-2F51-47D7-9C04-E2EBE8041DB2}.Debug|Any CPU.ActiveCfg = Debug|Any CPU
		{AAE82F91-2F51-47D7-9C04-E2EBE8041DB2}.Debug|Any CPU.Build.0 = Debug|Any CPU
		{AAE82F91-2F51-47D7-9C04-E2EBE8041DB2}.Debug|Mixed Platforms.ActiveCfg = Debug|Any CPU
		{AAE82F91-2F51-47D7-9C04-E2EBE8041DB2}.Debug|Mixed Platforms.Build.0 = Debug|Any CPU
		{AAE82F91-2F51-47D7-9C04-E2EBE8041DB2}.Debug|x86.ActiveCfg = Debug|Any CPU
		{AAE82F91-2F51-47D7-9C04-E2EBE8041DB2}.Release|Any CPU.ActiveCfg = Release|Any CPU
		{AAE82F91-2F51-47D7-9C04-E2EBE8041DB2}.Release|Any CPU.Build.0 = Release|Any CPU
		{AAE82F91-2F51-47D7-9C04-E2EBE8041DB2}.Release|Mixed Platforms.ActiveCfg = Release|Any CPU
		{AAE82F91-2F51-47D7-9C04-E2EBE8041DB2}.Release|Mixed Platforms.Build.0 = Release|Any CPU
		{AAE82F91-2F51-47D7-9C04-E2EBE8041DB2}.Release|x86.ActiveCfg = Release|Any CPU
		{7E29ADDD-D954-4319-872F-057D4271CDE7}.Debug|Any CPU.ActiveCfg = Debug|Any CPU
		{7E29ADDD-D954-4319-872F-057D4271CDE7}.Debug|Any CPU.Build.0 = Debug|Any CPU
		{7E29ADDD-D954-4319-872F-057D4271CDE7}.Debug|Mixed Platforms.ActiveCfg = Debug|Any CPU
		{7E29ADDD-D954-4319-872F-057D4271CDE7}.Debug|Mixed Platforms.Build.0 = Debug|Any CPU
		{7E29ADDD-D954-4319-872F-057D4271CDE7}.Debug|x86.ActiveCfg = Debug|Any CPU
		{7E29ADDD-D954-4319-872F-057D4271CDE7}.Release|Any CPU.ActiveCfg = Release|Any CPU
		{7E29ADDD-D954-4319-872F-057D4271CDE7}.Release|Any CPU.Build.0 = Release|Any CPU
		{7E29ADDD-D954-4319-872F-057D4271CDE7}.Release|Mixed Platforms.ActiveCfg = Release|Any CPU
		{7E29ADDD-D954-4319-872F-057D4271CDE7}.Release|Mixed Platforms.Build.0 = Release|Any CPU
		{7E29ADDD-D954-4319-872F-057D4271CDE7}.Release|x86.ActiveCfg = Release|Any CPU
		{3C322A48-0967-47D9-B6A3-D59FA2B1DACF}.Debug|Any CPU.ActiveCfg = Debug|x86
		{3C322A48-0967-47D9-B6A3-D59FA2B1DACF}.Debug|Mixed Platforms.ActiveCfg = Debug|x86
		{3C322A48-0967-47D9-B6A3-D59FA2B1DACF}.Debug|Mixed Platforms.Build.0 = Debug|x86
		{3C322A48-0967-47D9-B6A3-D59FA2B1DACF}.Debug|x86.ActiveCfg = Debug|x86
		{3C322A48-0967-47D9-B6A3-D59FA2B1DACF}.Debug|x86.Build.0 = Debug|x86
		{3C322A48-0967-47D9-B6A3-D59FA2B1DACF}.Release|Any CPU.ActiveCfg = Release|x86
		{3C322A48-0967-47D9-B6A3-D59FA2B1DACF}.Release|Mixed Platforms.ActiveCfg = Release|x86
		{3C322A48-0967-47D9-B6A3-D59FA2B1DACF}.Release|Mixed Platforms.Build.0 = Release|x86
		{3C322A48-0967-47D9-B6A3-D59FA2B1DACF}.Release|x86.ActiveCfg = Release|x86
		{3C322A48-0967-47D9-B6A3-D59FA2B1DACF}.Release|x86.Build.0 = Release|x86
		{7FD78CF4-CF68-484D-8825-FC5B9877EEE5}.Debug|Any CPU.ActiveCfg = Debug|x86
		{7FD78CF4-CF68-484D-8825-FC5B9877EEE5}.Debug|Mixed Platforms.ActiveCfg = Debug|x86
		{7FD78CF4-CF68-484D-8825-FC5B9877EEE5}.Debug|Mixed Platforms.Build.0 = Debug|x86
		{7FD78CF4-CF68-484D-8825-FC5B9877EEE5}.Debug|x86.ActiveCfg = Debug|x86
		{7FD78CF4-CF68-484D-8825-FC5B9877EEE5}.Debug|x86.Build.0 = Debug|x86
		{7FD78CF4-CF68-484D-8825-FC5B9877EEE5}.Release|Any CPU.ActiveCfg = Release|x86
		{7FD78CF4-CF68-484D-8825-FC5B9877EEE5}.Release|Mixed Platforms.ActiveCfg = Release|x86
		{7FD78CF4-CF68-484D-8825-FC5B9877EEE5}.Release|Mixed Platforms.Build.0 = Release|x86
		{7FD78CF4-CF68-484D-8825-FC5B9877EEE5}.Release|x86.ActiveCfg = Release|x86
		{7FD78CF4-CF68-484D-8825-FC5B9877EEE5}.Release|x86.Build.0 = Release|x86
		{FB40DB1F-3328-41C0-95E6-259561FA882E}.Debug|Any CPU.ActiveCfg = Debug|Any CPU
		{FB40DB1F-3328-41C0-95E6-259561FA882E}.Debug|Any CPU.Build.0 = Debug|Any CPU
		{FB40DB1F-3328-41C0-95E6-259561FA882E}.Debug|Mixed Platforms.ActiveCfg = Debug|x86
		{FB40DB1F-3328-41C0-95E6-259561FA882E}.Debug|Mixed Platforms.Build.0 = Debug|x86
		{FB40DB1F-3328-41C0-95E6-259561FA882E}.Debug|x86.ActiveCfg = Debug|x86
		{FB40DB1F-3328-41C0-95E6-259561FA882E}.Debug|x86.Build.0 = Debug|x86
		{FB40DB1F-3328-41C0-95E6-259561FA882E}.Release|Any CPU.ActiveCfg = Release|Any CPU
		{FB40DB1F-3328-41C0-95E6-259561FA882E}.Release|Any CPU.Build.0 = Release|Any CPU
		{FB40DB1F-3328-41C0-95E6-259561FA882E}.Release|Mixed Platforms.ActiveCfg = Release|x86
		{FB40DB1F-3328-41C0-95E6-259561FA882E}.Release|Mixed Platforms.Build.0 = Release|x86
		{FB40DB1F-3328-41C0-95E6-259561FA882E}.Release|x86.ActiveCfg = Release|x86
		{FB40DB1F-3328-41C0-95E6-259561FA882E}.Release|x86.Build.0 = Release|x86
		{B1C20B8D-78DF-45C2-B16F-D3DAC49A618E}.Debug|Any CPU.ActiveCfg = Debug|Any CPU
		{B1C20B8D-78DF-45C2-B16F-D3DAC49A618E}.Debug|Any CPU.Build.0 = Debug|Any CPU
		{B1C20B8D-78DF-45C2-B16F-D3DAC49A618E}.Debug|Mixed Platforms.ActiveCfg = Debug|x86
		{B1C20B8D-78DF-45C2-B16F-D3DAC49A618E}.Debug|Mixed Platforms.Build.0 = Debug|x86
		{B1C20B8D-78DF-45C2-B16F-D3DAC49A618E}.Debug|x86.ActiveCfg = Debug|x86
		{B1C20B8D-78DF-45C2-B16F-D3DAC49A618E}.Debug|x86.Build.0 = Debug|x86
		{B1C20B8D-78DF-45C2-B16F-D3DAC49A618E}.Release|Any CPU.ActiveCfg = Release|Any CPU
		{B1C20B8D-78DF-45C2-B16F-D3DAC49A618E}.Release|Any CPU.Build.0 = Release|Any CPU
		{B1C20B8D-78DF-45C2-B16F-D3DAC49A618E}.Release|Mixed Platforms.ActiveCfg = Release|x86
		{B1C20B8D-78DF-45C2-B16F-D3DAC49A618E}.Release|Mixed Platforms.Build.0 = Release|x86
		{B1C20B8D-78DF-45C2-B16F-D3DAC49A618E}.Release|x86.ActiveCfg = Release|x86
		{B1C20B8D-78DF-45C2-B16F-D3DAC49A618E}.Release|x86.Build.0 = Release|x86
		{BA355A8C-707B-4B30-85EA-E5400B3D9532}.Debug|Any CPU.ActiveCfg = Debug|Any CPU
		{BA355A8C-707B-4B30-85EA-E5400B3D9532}.Debug|Any CPU.Build.0 = Debug|Any CPU
		{BA355A8C-707B-4B30-85EA-E5400B3D9532}.Debug|Mixed Platforms.ActiveCfg = Debug|Any CPU
		{BA355A8C-707B-4B30-85EA-E5400B3D9532}.Debug|Mixed Platforms.Build.0 = Debug|Any CPU
		{BA355A8C-707B-4B30-85EA-E5400B3D9532}.Debug|x86.ActiveCfg = Debug|Any CPU
		{BA355A8C-707B-4B30-85EA-E5400B3D9532}.Release|Any CPU.ActiveCfg = Release|Any CPU
		{BA355A8C-707B-4B30-85EA-E5400B3D9532}.Release|Any CPU.Build.0 = Release|Any CPU
		{BA355A8C-707B-4B30-85EA-E5400B3D9532}.Release|Mixed Platforms.ActiveCfg = Release|Any CPU
		{BA355A8C-707B-4B30-85EA-E5400B3D9532}.Release|Mixed Platforms.Build.0 = Release|Any CPU
		{BA355A8C-707B-4B30-85EA-E5400B3D9532}.Release|x86.ActiveCfg = Release|Any CPU
		{D1F03D12-29FE-4D58-9525-2BAA732FD557}.Debug|Any CPU.ActiveCfg = Debug|Any CPU
		{D1F03D12-29FE-4D58-9525-2BAA732FD557}.Debug|Any CPU.Build.0 = Debug|Any CPU
		{D1F03D12-29FE-4D58-9525-2BAA732FD557}.Debug|Mixed Platforms.ActiveCfg = Debug|x86
		{D1F03D12-29FE-4D58-9525-2BAA732FD557}.Debug|Mixed Platforms.Build.0 = Debug|x86
		{D1F03D12-29FE-4D58-9525-2BAA732FD557}.Debug|x86.ActiveCfg = Debug|x86
		{D1F03D12-29FE-4D58-9525-2BAA732FD557}.Debug|x86.Build.0 = Debug|x86
		{D1F03D12-29FE-4D58-9525-2BAA732FD557}.Release|Any CPU.ActiveCfg = Release|Any CPU
		{D1F03D12-29FE-4D58-9525-2BAA732FD557}.Release|Any CPU.Build.0 = Release|Any CPU
		{D1F03D12-29FE-4D58-9525-2BAA732FD557}.Release|Mixed Platforms.ActiveCfg = Release|x86
		{D1F03D12-29FE-4D58-9525-2BAA732FD557}.Release|Mixed Platforms.Build.0 = Release|x86
		{D1F03D12-29FE-4D58-9525-2BAA732FD557}.Release|x86.ActiveCfg = Release|x86
		{D1F03D12-29FE-4D58-9525-2BAA732FD557}.Release|x86.Build.0 = Release|x86
		{7C33BB52-20F3-4E7E-8541-5F424EC05B3C}.Debug|Any CPU.ActiveCfg = Debug|Any CPU
		{7C33BB52-20F3-4E7E-8541-5F424EC05B3C}.Debug|Any CPU.Build.0 = Debug|Any CPU
		{7C33BB52-20F3-4E7E-8541-5F424EC05B3C}.Debug|Mixed Platforms.ActiveCfg = Debug|Any CPU
		{7C33BB52-20F3-4E7E-8541-5F424EC05B3C}.Debug|Mixed Platforms.Build.0 = Debug|Any CPU
		{7C33BB52-20F3-4E7E-8541-5F424EC05B3C}.Debug|x86.ActiveCfg = Debug|Any CPU
		{7C33BB52-20F3-4E7E-8541-5F424EC05B3C}.Release|Any CPU.ActiveCfg = Release|Any CPU
		{7C33BB52-20F3-4E7E-8541-5F424EC05B3C}.Release|Any CPU.Build.0 = Release|Any CPU
		{7C33BB52-20F3-4E7E-8541-5F424EC05B3C}.Release|Mixed Platforms.ActiveCfg = Release|Any CPU
		{7C33BB52-20F3-4E7E-8541-5F424EC05B3C}.Release|Mixed Platforms.Build.0 = Release|Any CPU
		{7C33BB52-20F3-4E7E-8541-5F424EC05B3C}.Release|x86.ActiveCfg = Release|Any CPU
		{B64C47D1-1A6E-49B0-8CF6-523FFE522629}.Debug|Any CPU.ActiveCfg = Debug|Any CPU
		{B64C47D1-1A6E-49B0-8CF6-523FFE522629}.Debug|Any CPU.Build.0 = Debug|Any CPU
		{B64C47D1-1A6E-49B0-8CF6-523FFE522629}.Debug|Mixed Platforms.ActiveCfg = Debug|Any CPU
		{B64C47D1-1A6E-49B0-8CF6-523FFE522629}.Debug|Mixed Platforms.Build.0 = Debug|Any CPU
		{B64C47D1-1A6E-49B0-8CF6-523FFE522629}.Debug|x86.ActiveCfg = Debug|Any CPU
		{B64C47D1-1A6E-49B0-8CF6-523FFE522629}.Release|Any CPU.ActiveCfg = Release|Any CPU
		{B64C47D1-1A6E-49B0-8CF6-523FFE522629}.Release|Any CPU.Build.0 = Release|Any CPU
		{B64C47D1-1A6E-49B0-8CF6-523FFE522629}.Release|Mixed Platforms.ActiveCfg = Release|Any CPU
		{B64C47D1-1A6E-49B0-8CF6-523FFE522629}.Release|Mixed Platforms.Build.0 = Release|Any CPU
		{B64C47D1-1A6E-49B0-8CF6-523FFE522629}.Release|x86.ActiveCfg = Release|Any CPU
		{8FAEE89D-F827-4937-A433-CFFD28570BB9}.Debug|Any CPU.ActiveCfg = Debug|Any CPU
		{8FAEE89D-F827-4937-A433-CFFD28570BB9}.Debug|Any CPU.Build.0 = Debug|Any CPU
		{8FAEE89D-F827-4937-A433-CFFD28570BB9}.Debug|Mixed Platforms.ActiveCfg = Debug|x86
		{8FAEE89D-F827-4937-A433-CFFD28570BB9}.Debug|Mixed Platforms.Build.0 = Debug|x86
		{8FAEE89D-F827-4937-A433-CFFD28570BB9}.Debug|x86.ActiveCfg = Debug|x86
		{8FAEE89D-F827-4937-A433-CFFD28570BB9}.Debug|x86.Build.0 = Debug|x86
		{8FAEE89D-F827-4937-A433-CFFD28570BB9}.Release|Any CPU.ActiveCfg = Release|Any CPU
		{8FAEE89D-F827-4937-A433-CFFD28570BB9}.Release|Any CPU.Build.0 = Release|Any CPU
		{8FAEE89D-F827-4937-A433-CFFD28570BB9}.Release|Mixed Platforms.ActiveCfg = Release|x86
		{8FAEE89D-F827-4937-A433-CFFD28570BB9}.Release|Mixed Platforms.Build.0 = Release|x86
		{8FAEE89D-F827-4937-A433-CFFD28570BB9}.Release|x86.ActiveCfg = Release|x86
		{8FAEE89D-F827-4937-A433-CFFD28570BB9}.Release|x86.Build.0 = Release|x86
		{51CA808C-9A44-4042-B51C-C1EE18679184}.Debug|Any CPU.ActiveCfg = Debug|Any CPU
		{51CA808C-9A44-4042-B51C-C1EE18679184}.Debug|Any CPU.Build.0 = Debug|Any CPU
		{51CA808C-9A44-4042-B51C-C1EE18679184}.Debug|Mixed Platforms.ActiveCfg = Debug|x86
		{51CA808C-9A44-4042-B51C-C1EE18679184}.Debug|Mixed Platforms.Build.0 = Debug|x86
		{51CA808C-9A44-4042-B51C-C1EE18679184}.Debug|x86.ActiveCfg = Debug|x86
		{51CA808C-9A44-4042-B51C-C1EE18679184}.Debug|x86.Build.0 = Debug|x86
		{51CA808C-9A44-4042-B51C-C1EE18679184}.Release|Any CPU.ActiveCfg = Release|Any CPU
		{51CA808C-9A44-4042-B51C-C1EE18679184}.Release|Any CPU.Build.0 = Release|Any CPU
		{51CA808C-9A44-4042-B51C-C1EE18679184}.Release|Mixed Platforms.ActiveCfg = Release|x86
		{51CA808C-9A44-4042-B51C-C1EE18679184}.Release|Mixed Platforms.Build.0 = Release|x86
		{51CA808C-9A44-4042-B51C-C1EE18679184}.Release|x86.ActiveCfg = Release|x86
		{51CA808C-9A44-4042-B51C-C1EE18679184}.Release|x86.Build.0 = Release|x86
		{3043B56E-260A-4238-868E-2EB69A9057B9}.Debug|Any CPU.ActiveCfg = Debug|Any CPU
		{3043B56E-260A-4238-868E-2EB69A9057B9}.Debug|Any CPU.Build.0 = Debug|Any CPU
		{3043B56E-260A-4238-868E-2EB69A9057B9}.Debug|Mixed Platforms.ActiveCfg = Debug|x86
		{3043B56E-260A-4238-868E-2EB69A9057B9}.Debug|Mixed Platforms.Build.0 = Debug|x86
		{3043B56E-260A-4238-868E-2EB69A9057B9}.Debug|x86.ActiveCfg = Debug|x86
		{3043B56E-260A-4238-868E-2EB69A9057B9}.Debug|x86.Build.0 = Debug|x86
		{3043B56E-260A-4238-868E-2EB69A9057B9}.Release|Any CPU.ActiveCfg = Release|Any CPU
		{3043B56E-260A-4238-868E-2EB69A9057B9}.Release|Any CPU.Build.0 = Release|Any CPU
		{3043B56E-260A-4238-868E-2EB69A9057B9}.Release|Mixed Platforms.ActiveCfg = Release|x86
		{3043B56E-260A-4238-868E-2EB69A9057B9}.Release|Mixed Platforms.Build.0 = Release|x86
		{3043B56E-260A-4238-868E-2EB69A9057B9}.Release|x86.ActiveCfg = Release|x86
		{3043B56E-260A-4238-868E-2EB69A9057B9}.Release|x86.Build.0 = Release|x86
		{549F5835-D5D6-46F3-BE68-4FEC785E1DB9}.Debug|Any CPU.ActiveCfg = Debug|x86
		{549F5835-D5D6-46F3-BE68-4FEC785E1DB9}.Debug|Mixed Platforms.ActiveCfg = Debug|x86
		{549F5835-D5D6-46F3-BE68-4FEC785E1DB9}.Debug|Mixed Platforms.Build.0 = Debug|x86
		{549F5835-D5D6-46F3-BE68-4FEC785E1DB9}.Debug|x86.ActiveCfg = Debug|x86
		{549F5835-D5D6-46F3-BE68-4FEC785E1DB9}.Debug|x86.Build.0 = Debug|x86
		{549F5835-D5D6-46F3-BE68-4FEC785E1DB9}.Release|Any CPU.ActiveCfg = Release|x86
		{549F5835-D5D6-46F3-BE68-4FEC785E1DB9}.Release|Mixed Platforms.ActiveCfg = Release|x86
		{549F5835-D5D6-46F3-BE68-4FEC785E1DB9}.Release|Mixed Platforms.Build.0 = Release|x86
		{549F5835-D5D6-46F3-BE68-4FEC785E1DB9}.Release|x86.ActiveCfg = Release|x86
		{549F5835-D5D6-46F3-BE68-4FEC785E1DB9}.Release|x86.Build.0 = Release|x86
		{9DD434CC-D890-48DB-8FB4-5A648AD23427}.Debug|Any CPU.ActiveCfg = Debug|Any CPU
		{9DD434CC-D890-48DB-8FB4-5A648AD23427}.Debug|Any CPU.Build.0 = Debug|Any CPU
		{9DD434CC-D890-48DB-8FB4-5A648AD23427}.Debug|Mixed Platforms.ActiveCfg = Debug|x86
		{9DD434CC-D890-48DB-8FB4-5A648AD23427}.Debug|Mixed Platforms.Build.0 = Debug|x86
		{9DD434CC-D890-48DB-8FB4-5A648AD23427}.Debug|x86.ActiveCfg = Debug|x86
		{9DD434CC-D890-48DB-8FB4-5A648AD23427}.Debug|x86.Build.0 = Debug|x86
		{9DD434CC-D890-48DB-8FB4-5A648AD23427}.Release|Any CPU.ActiveCfg = Release|Any CPU
		{9DD434CC-D890-48DB-8FB4-5A648AD23427}.Release|Any CPU.Build.0 = Release|Any CPU
		{9DD434CC-D890-48DB-8FB4-5A648AD23427}.Release|Mixed Platforms.ActiveCfg = Release|x86
		{9DD434CC-D890-48DB-8FB4-5A648AD23427}.Release|Mixed Platforms.Build.0 = Release|x86
		{9DD434CC-D890-48DB-8FB4-5A648AD23427}.Release|x86.ActiveCfg = Release|x86
		{9DD434CC-D890-48DB-8FB4-5A648AD23427}.Release|x86.Build.0 = Release|x86
		{634B0667-4C7D-4E0A-BA15-FEAD9DA0F44A}.Debug|Any CPU.ActiveCfg = Debug|Any CPU
		{634B0667-4C7D-4E0A-BA15-FEAD9DA0F44A}.Debug|Any CPU.Build.0 = Debug|Any CPU
		{634B0667-4C7D-4E0A-BA15-FEAD9DA0F44A}.Debug|Mixed Platforms.ActiveCfg = Debug|Any CPU
		{634B0667-4C7D-4E0A-BA15-FEAD9DA0F44A}.Debug|Mixed Platforms.Build.0 = Debug|Any CPU
		{634B0667-4C7D-4E0A-BA15-FEAD9DA0F44A}.Debug|x86.ActiveCfg = Debug|Any CPU
		{634B0667-4C7D-4E0A-BA15-FEAD9DA0F44A}.Release|Any CPU.ActiveCfg = Release|Any CPU
		{634B0667-4C7D-4E0A-BA15-FEAD9DA0F44A}.Release|Any CPU.Build.0 = Release|Any CPU
		{634B0667-4C7D-4E0A-BA15-FEAD9DA0F44A}.Release|Mixed Platforms.ActiveCfg = Release|Any CPU
		{634B0667-4C7D-4E0A-BA15-FEAD9DA0F44A}.Release|Mixed Platforms.Build.0 = Release|Any CPU
		{634B0667-4C7D-4E0A-BA15-FEAD9DA0F44A}.Release|x86.ActiveCfg = Release|Any CPU
		{909F2474-1F08-478C-BEB4-1CBCA3D04D49}.Debug|Any CPU.ActiveCfg = Debug|Any CPU
		{909F2474-1F08-478C-BEB4-1CBCA3D04D49}.Debug|Any CPU.Build.0 = Debug|Any CPU
		{909F2474-1F08-478C-BEB4-1CBCA3D04D49}.Debug|Mixed Platforms.ActiveCfg = Debug|Any CPU
		{909F2474-1F08-478C-BEB4-1CBCA3D04D49}.Debug|Mixed Platforms.Build.0 = Debug|Any CPU
		{909F2474-1F08-478C-BEB4-1CBCA3D04D49}.Debug|x86.ActiveCfg = Debug|Any CPU
		{909F2474-1F08-478C-BEB4-1CBCA3D04D49}.Release|Any CPU.ActiveCfg = Release|Any CPU
		{909F2474-1F08-478C-BEB4-1CBCA3D04D49}.Release|Any CPU.Build.0 = Release|Any CPU
		{909F2474-1F08-478C-BEB4-1CBCA3D04D49}.Release|Mixed Platforms.ActiveCfg = Release|Any CPU
		{909F2474-1F08-478C-BEB4-1CBCA3D04D49}.Release|Mixed Platforms.Build.0 = Release|Any CPU
		{909F2474-1F08-478C-BEB4-1CBCA3D04D49}.Release|x86.ActiveCfg = Release|Any CPU
		{8E770CDC-29D1-4EEC-BB7D-3EE48E8C0AA2}.Debug|Any CPU.ActiveCfg = Debug|Any CPU
		{8E770CDC-29D1-4EEC-BB7D-3EE48E8C0AA2}.Debug|Any CPU.Build.0 = Debug|Any CPU
		{8E770CDC-29D1-4EEC-BB7D-3EE48E8C0AA2}.Debug|Mixed Platforms.ActiveCfg = Debug|Any CPU
		{8E770CDC-29D1-4EEC-BB7D-3EE48E8C0AA2}.Debug|Mixed Platforms.Build.0 = Debug|Any CPU
		{8E770CDC-29D1-4EEC-BB7D-3EE48E8C0AA2}.Debug|x86.ActiveCfg = Debug|Any CPU
		{8E770CDC-29D1-4EEC-BB7D-3EE48E8C0AA2}.Release|Any CPU.ActiveCfg = Release|Any CPU
		{8E770CDC-29D1-4EEC-BB7D-3EE48E8C0AA2}.Release|Any CPU.Build.0 = Release|Any CPU
		{8E770CDC-29D1-4EEC-BB7D-3EE48E8C0AA2}.Release|Mixed Platforms.ActiveCfg = Release|Any CPU
		{8E770CDC-29D1-4EEC-BB7D-3EE48E8C0AA2}.Release|Mixed Platforms.Build.0 = Release|Any CPU
		{8E770CDC-29D1-4EEC-BB7D-3EE48E8C0AA2}.Release|x86.ActiveCfg = Release|Any CPU
		{9FEC6681-6BA1-4039-9DFA-1A6868DDC05E}.Debug|Any CPU.ActiveCfg = Debug|Any CPU
		{9FEC6681-6BA1-4039-9DFA-1A6868DDC05E}.Debug|Any CPU.Build.0 = Debug|Any CPU
		{9FEC6681-6BA1-4039-9DFA-1A6868DDC05E}.Debug|Mixed Platforms.ActiveCfg = Debug|x86
		{9FEC6681-6BA1-4039-9DFA-1A6868DDC05E}.Debug|Mixed Platforms.Build.0 = Debug|x86
		{9FEC6681-6BA1-4039-9DFA-1A6868DDC05E}.Debug|x86.ActiveCfg = Debug|x86
		{9FEC6681-6BA1-4039-9DFA-1A6868DDC05E}.Debug|x86.Build.0 = Debug|x86
		{9FEC6681-6BA1-4039-9DFA-1A6868DDC05E}.Release|Any CPU.ActiveCfg = Release|Any CPU
		{9FEC6681-6BA1-4039-9DFA-1A6868DDC05E}.Release|Any CPU.Build.0 = Release|Any CPU
		{9FEC6681-6BA1-4039-9DFA-1A6868DDC05E}.Release|Mixed Platforms.ActiveCfg = Release|x86
		{9FEC6681-6BA1-4039-9DFA-1A6868DDC05E}.Release|Mixed Platforms.Build.0 = Release|x86
		{9FEC6681-6BA1-4039-9DFA-1A6868DDC05E}.Release|x86.ActiveCfg = Release|x86
		{9FEC6681-6BA1-4039-9DFA-1A6868DDC05E}.Release|x86.Build.0 = Release|x86
		{108C809D-2FE0-4BA9-9BA7-330BD734D585}.Debug|Any CPU.ActiveCfg = Debug|Any CPU
		{108C809D-2FE0-4BA9-9BA7-330BD734D585}.Debug|Any CPU.Build.0 = Debug|Any CPU
		{108C809D-2FE0-4BA9-9BA7-330BD734D585}.Debug|Mixed Platforms.ActiveCfg = Debug|x86
		{108C809D-2FE0-4BA9-9BA7-330BD734D585}.Debug|Mixed Platforms.Build.0 = Debug|x86
		{108C809D-2FE0-4BA9-9BA7-330BD734D585}.Debug|x86.ActiveCfg = Debug|x86
		{108C809D-2FE0-4BA9-9BA7-330BD734D585}.Debug|x86.Build.0 = Debug|x86
		{108C809D-2FE0-4BA9-9BA7-330BD734D585}.Release|Any CPU.ActiveCfg = Release|Any CPU
		{108C809D-2FE0-4BA9-9BA7-330BD734D585}.Release|Any CPU.Build.0 = Release|Any CPU
		{108C809D-2FE0-4BA9-9BA7-330BD734D585}.Release|Mixed Platforms.ActiveCfg = Release|x86
		{108C809D-2FE0-4BA9-9BA7-330BD734D585}.Release|Mixed Platforms.Build.0 = Release|x86
		{108C809D-2FE0-4BA9-9BA7-330BD734D585}.Release|x86.ActiveCfg = Release|x86
		{108C809D-2FE0-4BA9-9BA7-330BD734D585}.Release|x86.Build.0 = Release|x86
		{D2386D74-02CD-4FDC-993B-1EFDB0524962}.Debug|Any CPU.ActiveCfg = Debug|x86
		{D2386D74-02CD-4FDC-993B-1EFDB0524962}.Debug|Any CPU.Build.0 = Debug|x86
		{D2386D74-02CD-4FDC-993B-1EFDB0524962}.Debug|Mixed Platforms.ActiveCfg = Debug|x86
		{D2386D74-02CD-4FDC-993B-1EFDB0524962}.Debug|Mixed Platforms.Build.0 = Debug|x86
		{D2386D74-02CD-4FDC-993B-1EFDB0524962}.Debug|x86.ActiveCfg = Debug|x86
		{D2386D74-02CD-4FDC-993B-1EFDB0524962}.Debug|x86.Build.0 = Debug|x86
		{D2386D74-02CD-4FDC-993B-1EFDB0524962}.Release|Any CPU.ActiveCfg = Release|x86
		{D2386D74-02CD-4FDC-993B-1EFDB0524962}.Release|Mixed Platforms.ActiveCfg = Release|x86
		{D2386D74-02CD-4FDC-993B-1EFDB0524962}.Release|Mixed Platforms.Build.0 = Release|x86
		{D2386D74-02CD-4FDC-993B-1EFDB0524962}.Release|x86.ActiveCfg = Release|x86
		{D2386D74-02CD-4FDC-993B-1EFDB0524962}.Release|x86.Build.0 = Release|x86
		{78CB4D18-174C-400E-B83F-2B17277F2D3F}.Debug|Any CPU.ActiveCfg = Debug|Any CPU
		{78CB4D18-174C-400E-B83F-2B17277F2D3F}.Debug|Any CPU.Build.0 = Debug|Any CPU
		{78CB4D18-174C-400E-B83F-2B17277F2D3F}.Debug|Mixed Platforms.ActiveCfg = Debug|x86
		{78CB4D18-174C-400E-B83F-2B17277F2D3F}.Debug|Mixed Platforms.Build.0 = Debug|x86
		{78CB4D18-174C-400E-B83F-2B17277F2D3F}.Debug|x86.ActiveCfg = Debug|x86
		{78CB4D18-174C-400E-B83F-2B17277F2D3F}.Debug|x86.Build.0 = Debug|x86
		{78CB4D18-174C-400E-B83F-2B17277F2D3F}.Release|Any CPU.ActiveCfg = Release|Any CPU
		{78CB4D18-174C-400E-B83F-2B17277F2D3F}.Release|Any CPU.Build.0 = Release|Any CPU
		{78CB4D18-174C-400E-B83F-2B17277F2D3F}.Release|Mixed Platforms.ActiveCfg = Release|x86
		{78CB4D18-174C-400E-B83F-2B17277F2D3F}.Release|Mixed Platforms.Build.0 = Release|x86
		{78CB4D18-174C-400E-B83F-2B17277F2D3F}.Release|x86.ActiveCfg = Release|x86
		{78CB4D18-174C-400E-B83F-2B17277F2D3F}.Release|x86.Build.0 = Release|x86
		{321498CD-5DA0-4158-AE49-56F9B77B8FC8}.Debug|Any CPU.ActiveCfg = Debug|Any CPU
		{321498CD-5DA0-4158-AE49-56F9B77B8FC8}.Debug|Any CPU.Build.0 = Debug|Any CPU
		{321498CD-5DA0-4158-AE49-56F9B77B8FC8}.Debug|Mixed Platforms.ActiveCfg = Debug|x86
		{321498CD-5DA0-4158-AE49-56F9B77B8FC8}.Debug|Mixed Platforms.Build.0 = Debug|x86
		{321498CD-5DA0-4158-AE49-56F9B77B8FC8}.Debug|x86.ActiveCfg = Debug|x86
		{321498CD-5DA0-4158-AE49-56F9B77B8FC8}.Debug|x86.Build.0 = Debug|x86
		{321498CD-5DA0-4158-AE49-56F9B77B8FC8}.Release|Any CPU.ActiveCfg = Release|x86
		{321498CD-5DA0-4158-AE49-56F9B77B8FC8}.Release|Mixed Platforms.ActiveCfg = Release|x86
		{321498CD-5DA0-4158-AE49-56F9B77B8FC8}.Release|Mixed Platforms.Build.0 = Release|x86
		{321498CD-5DA0-4158-AE49-56F9B77B8FC8}.Release|x86.ActiveCfg = Release|x86
		{321498CD-5DA0-4158-AE49-56F9B77B8FC8}.Release|x86.Build.0 = Release|x86
		{B8857A7D-9049-4C78-B2DA-09848BDA4D15}.Debug|Any CPU.ActiveCfg = Debug|Any CPU
		{B8857A7D-9049-4C78-B2DA-09848BDA4D15}.Debug|Mixed Platforms.ActiveCfg = Debug|x86
		{B8857A7D-9049-4C78-B2DA-09848BDA4D15}.Debug|Mixed Platforms.Build.0 = Debug|x86
		{B8857A7D-9049-4C78-B2DA-09848BDA4D15}.Debug|x86.ActiveCfg = Debug|x86
		{B8857A7D-9049-4C78-B2DA-09848BDA4D15}.Debug|x86.Build.0 = Debug|x86
		{B8857A7D-9049-4C78-B2DA-09848BDA4D15}.Release|Any CPU.ActiveCfg = Release|Any CPU
		{B8857A7D-9049-4C78-B2DA-09848BDA4D15}.Release|Any CPU.Build.0 = Release|Any CPU
		{B8857A7D-9049-4C78-B2DA-09848BDA4D15}.Release|Mixed Platforms.ActiveCfg = Release|x86
		{B8857A7D-9049-4C78-B2DA-09848BDA4D15}.Release|Mixed Platforms.Build.0 = Release|x86
		{B8857A7D-9049-4C78-B2DA-09848BDA4D15}.Release|x86.ActiveCfg = Release|x86
		{B8857A7D-9049-4C78-B2DA-09848BDA4D15}.Release|x86.Build.0 = Release|x86
		{D7F8E6CD-ECF1-4F65-A96C-9C452BC6F3F6}.Debug|Any CPU.ActiveCfg = Debug|Any CPU
		{D7F8E6CD-ECF1-4F65-A96C-9C452BC6F3F6}.Debug|Any CPU.Build.0 = Debug|Any CPU
		{D7F8E6CD-ECF1-4F65-A96C-9C452BC6F3F6}.Debug|Mixed Platforms.ActiveCfg = Debug|Any CPU
		{D7F8E6CD-ECF1-4F65-A96C-9C452BC6F3F6}.Debug|Mixed Platforms.Build.0 = Debug|Any CPU
		{D7F8E6CD-ECF1-4F65-A96C-9C452BC6F3F6}.Debug|x86.ActiveCfg = Debug|Any CPU
		{D7F8E6CD-ECF1-4F65-A96C-9C452BC6F3F6}.Release|Any CPU.ActiveCfg = Release|Any CPU
		{D7F8E6CD-ECF1-4F65-A96C-9C452BC6F3F6}.Release|Any CPU.Build.0 = Release|Any CPU
		{D7F8E6CD-ECF1-4F65-A96C-9C452BC6F3F6}.Release|Mixed Platforms.ActiveCfg = Release|Any CPU
		{D7F8E6CD-ECF1-4F65-A96C-9C452BC6F3F6}.Release|Mixed Platforms.Build.0 = Release|Any CPU
		{D7F8E6CD-ECF1-4F65-A96C-9C452BC6F3F6}.Release|x86.ActiveCfg = Release|Any CPU
		{69F786FC-42AF-40F8-9CC7-4819F5F59C2F}.Debug|Any CPU.ActiveCfg = Debug|Any CPU
		{69F786FC-42AF-40F8-9CC7-4819F5F59C2F}.Debug|Any CPU.Build.0 = Debug|Any CPU
		{69F786FC-42AF-40F8-9CC7-4819F5F59C2F}.Debug|Mixed Platforms.ActiveCfg = Debug|x86
		{69F786FC-42AF-40F8-9CC7-4819F5F59C2F}.Debug|Mixed Platforms.Build.0 = Debug|x86
		{69F786FC-42AF-40F8-9CC7-4819F5F59C2F}.Debug|x86.ActiveCfg = Debug|x86
		{69F786FC-42AF-40F8-9CC7-4819F5F59C2F}.Debug|x86.Build.0 = Debug|x86
		{69F786FC-42AF-40F8-9CC7-4819F5F59C2F}.Release|Any CPU.ActiveCfg = Release|Any CPU
		{69F786FC-42AF-40F8-9CC7-4819F5F59C2F}.Release|Any CPU.Build.0 = Release|Any CPU
		{69F786FC-42AF-40F8-9CC7-4819F5F59C2F}.Release|Mixed Platforms.ActiveCfg = Release|x86
		{69F786FC-42AF-40F8-9CC7-4819F5F59C2F}.Release|Mixed Platforms.Build.0 = Release|x86
		{69F786FC-42AF-40F8-9CC7-4819F5F59C2F}.Release|x86.ActiveCfg = Release|x86
		{69F786FC-42AF-40F8-9CC7-4819F5F59C2F}.Release|x86.Build.0 = Release|x86
		{57181933-2E7A-4E10-BE70-79E6C521FBBE}.Debug|Any CPU.ActiveCfg = Debug|Any CPU
		{57181933-2E7A-4E10-BE70-79E6C521FBBE}.Debug|Any CPU.Build.0 = Debug|Any CPU
		{57181933-2E7A-4E10-BE70-79E6C521FBBE}.Debug|Mixed Platforms.ActiveCfg = Debug|x86
		{57181933-2E7A-4E10-BE70-79E6C521FBBE}.Debug|Mixed Platforms.Build.0 = Debug|x86
		{57181933-2E7A-4E10-BE70-79E6C521FBBE}.Debug|x86.ActiveCfg = Debug|x86
		{57181933-2E7A-4E10-BE70-79E6C521FBBE}.Debug|x86.Build.0 = Debug|x86
		{57181933-2E7A-4E10-BE70-79E6C521FBBE}.Release|Any CPU.ActiveCfg = Release|Any CPU
		{57181933-2E7A-4E10-BE70-79E6C521FBBE}.Release|Any CPU.Build.0 = Release|Any CPU
		{57181933-2E7A-4E10-BE70-79E6C521FBBE}.Release|Mixed Platforms.ActiveCfg = Release|x86
		{57181933-2E7A-4E10-BE70-79E6C521FBBE}.Release|Mixed Platforms.Build.0 = Release|x86
		{57181933-2E7A-4E10-BE70-79E6C521FBBE}.Release|x86.ActiveCfg = Release|x86
		{57181933-2E7A-4E10-BE70-79E6C521FBBE}.Release|x86.Build.0 = Release|x86
		{CB676F63-52E2-44C2-9BC3-CDB03A5E05AD}.Debug|Any CPU.ActiveCfg = Debug|Any CPU
		{CB676F63-52E2-44C2-9BC3-CDB03A5E05AD}.Debug|Any CPU.Build.0 = Debug|Any CPU
		{CB676F63-52E2-44C2-9BC3-CDB03A5E05AD}.Debug|Mixed Platforms.ActiveCfg = Debug|x86
		{CB676F63-52E2-44C2-9BC3-CDB03A5E05AD}.Debug|Mixed Platforms.Build.0 = Debug|x86
		{CB676F63-52E2-44C2-9BC3-CDB03A5E05AD}.Debug|x86.ActiveCfg = Debug|x86
		{CB676F63-52E2-44C2-9BC3-CDB03A5E05AD}.Debug|x86.Build.0 = Debug|x86
		{CB676F63-52E2-44C2-9BC3-CDB03A5E05AD}.Release|Any CPU.ActiveCfg = Release|x86
		{CB676F63-52E2-44C2-9BC3-CDB03A5E05AD}.Release|Mixed Platforms.ActiveCfg = Release|x86
		{CB676F63-52E2-44C2-9BC3-CDB03A5E05AD}.Release|Mixed Platforms.Build.0 = Release|x86
		{CB676F63-52E2-44C2-9BC3-CDB03A5E05AD}.Release|x86.ActiveCfg = Release|x86
		{CB676F63-52E2-44C2-9BC3-CDB03A5E05AD}.Release|x86.Build.0 = Release|x86
		{DC3E9C8F-F117-4CE8-8F8B-168EA62C0A0B}.Debug|Any CPU.ActiveCfg = Debug|Any CPU
		{DC3E9C8F-F117-4CE8-8F8B-168EA62C0A0B}.Debug|Any CPU.Build.0 = Debug|Any CPU
		{DC3E9C8F-F117-4CE8-8F8B-168EA62C0A0B}.Debug|Mixed Platforms.ActiveCfg = Debug|x86
		{DC3E9C8F-F117-4CE8-8F8B-168EA62C0A0B}.Debug|Mixed Platforms.Build.0 = Debug|x86
		{DC3E9C8F-F117-4CE8-8F8B-168EA62C0A0B}.Debug|x86.ActiveCfg = Debug|x86
		{DC3E9C8F-F117-4CE8-8F8B-168EA62C0A0B}.Debug|x86.Build.0 = Debug|x86
		{DC3E9C8F-F117-4CE8-8F8B-168EA62C0A0B}.Release|Any CPU.ActiveCfg = Release|Any CPU
		{DC3E9C8F-F117-4CE8-8F8B-168EA62C0A0B}.Release|Any CPU.Build.0 = Release|Any CPU
		{DC3E9C8F-F117-4CE8-8F8B-168EA62C0A0B}.Release|Mixed Platforms.ActiveCfg = Release|x86
		{DC3E9C8F-F117-4CE8-8F8B-168EA62C0A0B}.Release|Mixed Platforms.Build.0 = Release|x86
		{DC3E9C8F-F117-4CE8-8F8B-168EA62C0A0B}.Release|x86.ActiveCfg = Release|x86
		{DC3E9C8F-F117-4CE8-8F8B-168EA62C0A0B}.Release|x86.Build.0 = Release|x86
		{B2264AA2-5EEF-4F1F-A233-927666B11711}.Debug|Any CPU.ActiveCfg = Debug|Any CPU
		{B2264AA2-5EEF-4F1F-A233-927666B11711}.Debug|Any CPU.Build.0 = Debug|Any CPU
		{B2264AA2-5EEF-4F1F-A233-927666B11711}.Debug|Mixed Platforms.ActiveCfg = Debug|Any CPU
		{B2264AA2-5EEF-4F1F-A233-927666B11711}.Debug|Mixed Platforms.Build.0 = Debug|Any CPU
		{B2264AA2-5EEF-4F1F-A233-927666B11711}.Debug|x86.ActiveCfg = Debug|Any CPU
		{B2264AA2-5EEF-4F1F-A233-927666B11711}.Release|Any CPU.ActiveCfg = Release|Any CPU
		{B2264AA2-5EEF-4F1F-A233-927666B11711}.Release|Any CPU.Build.0 = Release|Any CPU
		{B2264AA2-5EEF-4F1F-A233-927666B11711}.Release|Mixed Platforms.ActiveCfg = Release|Any CPU
		{B2264AA2-5EEF-4F1F-A233-927666B11711}.Release|Mixed Platforms.Build.0 = Release|Any CPU
		{B2264AA2-5EEF-4F1F-A233-927666B11711}.Release|x86.ActiveCfg = Release|Any CPU
		{B885EDF3-08C1-4F99-9E44-594E0A1CC910}.Debug|Any CPU.ActiveCfg = Debug|Any CPU
		{B885EDF3-08C1-4F99-9E44-594E0A1CC910}.Debug|Any CPU.Build.0 = Debug|Any CPU
		{B885EDF3-08C1-4F99-9E44-594E0A1CC910}.Debug|Mixed Platforms.ActiveCfg = Debug|Any CPU
		{B885EDF3-08C1-4F99-9E44-594E0A1CC910}.Debug|Mixed Platforms.Build.0 = Debug|Any CPU
		{B885EDF3-08C1-4F99-9E44-594E0A1CC910}.Debug|x86.ActiveCfg = Debug|Any CPU
		{B885EDF3-08C1-4F99-9E44-594E0A1CC910}.Release|Any CPU.ActiveCfg = Release|Any CPU
		{B885EDF3-08C1-4F99-9E44-594E0A1CC910}.Release|Any CPU.Build.0 = Release|Any CPU
		{B885EDF3-08C1-4F99-9E44-594E0A1CC910}.Release|Mixed Platforms.ActiveCfg = Release|Any CPU
		{B885EDF3-08C1-4F99-9E44-594E0A1CC910}.Release|Mixed Platforms.Build.0 = Release|Any CPU
		{B885EDF3-08C1-4F99-9E44-594E0A1CC910}.Release|x86.ActiveCfg = Release|Any CPU
		{A61FA848-0FEC-4F39-AF17-69E71006B04A}.Debug|Any CPU.ActiveCfg = Debug|x86
		{A61FA848-0FEC-4F39-AF17-69E71006B04A}.Debug|Mixed Platforms.ActiveCfg = Debug|x86
		{A61FA848-0FEC-4F39-AF17-69E71006B04A}.Debug|Mixed Platforms.Build.0 = Debug|x86
		{A61FA848-0FEC-4F39-AF17-69E71006B04A}.Debug|x86.ActiveCfg = Debug|x86
		{A61FA848-0FEC-4F39-AF17-69E71006B04A}.Debug|x86.Build.0 = Debug|x86
		{A61FA848-0FEC-4F39-AF17-69E71006B04A}.Release|Any CPU.ActiveCfg = Release|x86
		{A61FA848-0FEC-4F39-AF17-69E71006B04A}.Release|Mixed Platforms.ActiveCfg = Release|x86
		{A61FA848-0FEC-4F39-AF17-69E71006B04A}.Release|Mixed Platforms.Build.0 = Release|x86
		{A61FA848-0FEC-4F39-AF17-69E71006B04A}.Release|x86.ActiveCfg = Release|x86
		{A61FA848-0FEC-4F39-AF17-69E71006B04A}.Release|x86.Build.0 = Release|x86
		{EE260773-157B-44C2-B3BB-77B0EBAACBB6}.Debug|Any CPU.ActiveCfg = Debug|Any CPU
		{EE260773-157B-44C2-B3BB-77B0EBAACBB6}.Debug|Any CPU.Build.0 = Debug|Any CPU
		{EE260773-157B-44C2-B3BB-77B0EBAACBB6}.Debug|Mixed Platforms.ActiveCfg = Debug|x86
		{EE260773-157B-44C2-B3BB-77B0EBAACBB6}.Debug|Mixed Platforms.Build.0 = Debug|x86
		{EE260773-157B-44C2-B3BB-77B0EBAACBB6}.Debug|x86.ActiveCfg = Debug|x86
		{EE260773-157B-44C2-B3BB-77B0EBAACBB6}.Debug|x86.Build.0 = Debug|x86
		{EE260773-157B-44C2-B3BB-77B0EBAACBB6}.Release|Any CPU.ActiveCfg = Release|Any CPU
		{EE260773-157B-44C2-B3BB-77B0EBAACBB6}.Release|Any CPU.Build.0 = Release|Any CPU
		{EE260773-157B-44C2-B3BB-77B0EBAACBB6}.Release|Mixed Platforms.ActiveCfg = Release|x86
		{EE260773-157B-44C2-B3BB-77B0EBAACBB6}.Release|Mixed Platforms.Build.0 = Release|x86
		{EE260773-157B-44C2-B3BB-77B0EBAACBB6}.Release|x86.ActiveCfg = Release|x86
		{EE260773-157B-44C2-B3BB-77B0EBAACBB6}.Release|x86.Build.0 = Release|x86
		{AC82F667-492B-4CF2-AA6B-52ED4EB4694F}.Debug|Any CPU.ActiveCfg = Debug|Any CPU
		{AC82F667-492B-4CF2-AA6B-52ED4EB4694F}.Debug|Any CPU.Build.0 = Debug|Any CPU
		{AC82F667-492B-4CF2-AA6B-52ED4EB4694F}.Debug|Mixed Platforms.ActiveCfg = Debug|x86
		{AC82F667-492B-4CF2-AA6B-52ED4EB4694F}.Debug|Mixed Platforms.Build.0 = Debug|x86
		{AC82F667-492B-4CF2-AA6B-52ED4EB4694F}.Debug|x86.ActiveCfg = Debug|x86
		{AC82F667-492B-4CF2-AA6B-52ED4EB4694F}.Debug|x86.Build.0 = Debug|x86
		{AC82F667-492B-4CF2-AA6B-52ED4EB4694F}.Release|Any CPU.ActiveCfg = Release|Any CPU
		{AC82F667-492B-4CF2-AA6B-52ED4EB4694F}.Release|Any CPU.Build.0 = Release|Any CPU
		{AC82F667-492B-4CF2-AA6B-52ED4EB4694F}.Release|Mixed Platforms.ActiveCfg = Release|x86
		{AC82F667-492B-4CF2-AA6B-52ED4EB4694F}.Release|Mixed Platforms.Build.0 = Release|x86
		{AC82F667-492B-4CF2-AA6B-52ED4EB4694F}.Release|x86.ActiveCfg = Release|x86
		{AC82F667-492B-4CF2-AA6B-52ED4EB4694F}.Release|x86.Build.0 = Release|x86
		{D90DA41D-9262-46AF-9DA3-CA953B83BFED}.Debug|Any CPU.ActiveCfg = Debug|Any CPU
		{D90DA41D-9262-46AF-9DA3-CA953B83BFED}.Debug|Any CPU.Build.0 = Debug|Any CPU
		{D90DA41D-9262-46AF-9DA3-CA953B83BFED}.Debug|Mixed Platforms.ActiveCfg = Debug|x86
		{D90DA41D-9262-46AF-9DA3-CA953B83BFED}.Debug|Mixed Platforms.Build.0 = Debug|x86
		{D90DA41D-9262-46AF-9DA3-CA953B83BFED}.Debug|x86.ActiveCfg = Debug|x86
		{D90DA41D-9262-46AF-9DA3-CA953B83BFED}.Debug|x86.Build.0 = Debug|x86
		{D90DA41D-9262-46AF-9DA3-CA953B83BFED}.Release|Any CPU.ActiveCfg = Release|Any CPU
		{D90DA41D-9262-46AF-9DA3-CA953B83BFED}.Release|Any CPU.Build.0 = Release|Any CPU
		{D90DA41D-9262-46AF-9DA3-CA953B83BFED}.Release|Mixed Platforms.ActiveCfg = Release|x86
		{D90DA41D-9262-46AF-9DA3-CA953B83BFED}.Release|Mixed Platforms.Build.0 = Release|x86
		{D90DA41D-9262-46AF-9DA3-CA953B83BFED}.Release|x86.ActiveCfg = Release|x86
		{D90DA41D-9262-46AF-9DA3-CA953B83BFED}.Release|x86.Build.0 = Release|x86
		{AA3E04B1-76FD-487F-9C17-69BBD4E863FD}.Debug|Any CPU.ActiveCfg = Debug|Any CPU
		{AA3E04B1-76FD-487F-9C17-69BBD4E863FD}.Debug|Any CPU.Build.0 = Debug|Any CPU
		{AA3E04B1-76FD-487F-9C17-69BBD4E863FD}.Debug|Mixed Platforms.ActiveCfg = Debug|Any CPU
		{AA3E04B1-76FD-487F-9C17-69BBD4E863FD}.Debug|Mixed Platforms.Build.0 = Debug|Any CPU
		{AA3E04B1-76FD-487F-9C17-69BBD4E863FD}.Debug|x86.ActiveCfg = Debug|Any CPU
		{AA3E04B1-76FD-487F-9C17-69BBD4E863FD}.Debug|x86.Build.0 = Debug|Any CPU
		{AA3E04B1-76FD-487F-9C17-69BBD4E863FD}.Release|Any CPU.ActiveCfg = Release|Any CPU
		{AA3E04B1-76FD-487F-9C17-69BBD4E863FD}.Release|Any CPU.Build.0 = Release|Any CPU
		{AA3E04B1-76FD-487F-9C17-69BBD4E863FD}.Release|Mixed Platforms.ActiveCfg = Release|Any CPU
		{AA3E04B1-76FD-487F-9C17-69BBD4E863FD}.Release|Mixed Platforms.Build.0 = Release|Any CPU
		{AA3E04B1-76FD-487F-9C17-69BBD4E863FD}.Release|x86.ActiveCfg = Release|Any CPU
		{AA3E04B1-76FD-487F-9C17-69BBD4E863FD}.Release|x86.Build.0 = Release|Any CPU
		{4AE49B51-7C8E-48F3-B8A7-081754844C53}.Debug|Any CPU.ActiveCfg = Debug|Any CPU
		{4AE49B51-7C8E-48F3-B8A7-081754844C53}.Debug|Any CPU.Build.0 = Debug|Any CPU
		{4AE49B51-7C8E-48F3-B8A7-081754844C53}.Debug|Mixed Platforms.ActiveCfg = Debug|Any CPU
		{4AE49B51-7C8E-48F3-B8A7-081754844C53}.Debug|Mixed Platforms.Build.0 = Debug|Any CPU
		{4AE49B51-7C8E-48F3-B8A7-081754844C53}.Debug|x86.ActiveCfg = Debug|Any CPU
		{4AE49B51-7C8E-48F3-B8A7-081754844C53}.Debug|x86.Build.0 = Debug|Any CPU
		{4AE49B51-7C8E-48F3-B8A7-081754844C53}.Release|Any CPU.ActiveCfg = Release|Any CPU
		{4AE49B51-7C8E-48F3-B8A7-081754844C53}.Release|Any CPU.Build.0 = Release|Any CPU
		{4AE49B51-7C8E-48F3-B8A7-081754844C53}.Release|Mixed Platforms.ActiveCfg = Release|Any CPU
		{4AE49B51-7C8E-48F3-B8A7-081754844C53}.Release|Mixed Platforms.Build.0 = Release|Any CPU
		{4AE49B51-7C8E-48F3-B8A7-081754844C53}.Release|x86.ActiveCfg = Release|Any CPU
		{4AE49B51-7C8E-48F3-B8A7-081754844C53}.Release|x86.Build.0 = Release|Any CPU
		{611939C6-C241-4C95-9889-FDB0B0335B93}.Debug|Any CPU.ActiveCfg = Debug|Any CPU
		{611939C6-C241-4C95-9889-FDB0B0335B93}.Debug|Any CPU.Build.0 = Debug|Any CPU
		{611939C6-C241-4C95-9889-FDB0B0335B93}.Debug|Mixed Platforms.ActiveCfg = Debug|Any CPU
		{611939C6-C241-4C95-9889-FDB0B0335B93}.Debug|Mixed Platforms.Build.0 = Debug|Any CPU
		{611939C6-C241-4C95-9889-FDB0B0335B93}.Debug|x86.ActiveCfg = Debug|Any CPU
		{611939C6-C241-4C95-9889-FDB0B0335B93}.Debug|x86.Build.0 = Debug|Any CPU
		{611939C6-C241-4C95-9889-FDB0B0335B93}.Release|Any CPU.ActiveCfg = Release|Any CPU
		{611939C6-C241-4C95-9889-FDB0B0335B93}.Release|Any CPU.Build.0 = Release|Any CPU
		{611939C6-C241-4C95-9889-FDB0B0335B93}.Release|Mixed Platforms.ActiveCfg = Release|Any CPU
		{611939C6-C241-4C95-9889-FDB0B0335B93}.Release|Mixed Platforms.Build.0 = Release|Any CPU
		{611939C6-C241-4C95-9889-FDB0B0335B93}.Release|x86.ActiveCfg = Release|Any CPU
		{611939C6-C241-4C95-9889-FDB0B0335B93}.Release|x86.Build.0 = Release|Any CPU
		{F912EEBA-F5E5-4D6D-9DBC-A6FB8F9EC2A9}.Debug|Any CPU.ActiveCfg = Debug|Any CPU
		{F912EEBA-F5E5-4D6D-9DBC-A6FB8F9EC2A9}.Debug|Any CPU.Build.0 = Debug|Any CPU
		{F912EEBA-F5E5-4D6D-9DBC-A6FB8F9EC2A9}.Debug|Mixed Platforms.ActiveCfg = Debug|Any CPU
		{F912EEBA-F5E5-4D6D-9DBC-A6FB8F9EC2A9}.Debug|Mixed Platforms.Build.0 = Debug|Any CPU
		{F912EEBA-F5E5-4D6D-9DBC-A6FB8F9EC2A9}.Debug|x86.ActiveCfg = Debug|Any CPU
		{F912EEBA-F5E5-4D6D-9DBC-A6FB8F9EC2A9}.Debug|x86.Build.0 = Debug|Any CPU
		{F912EEBA-F5E5-4D6D-9DBC-A6FB8F9EC2A9}.Release|Any CPU.ActiveCfg = Release|Any CPU
		{F912EEBA-F5E5-4D6D-9DBC-A6FB8F9EC2A9}.Release|Any CPU.Build.0 = Release|Any CPU
		{F912EEBA-F5E5-4D6D-9DBC-A6FB8F9EC2A9}.Release|Mixed Platforms.ActiveCfg = Release|Any CPU
		{F912EEBA-F5E5-4D6D-9DBC-A6FB8F9EC2A9}.Release|Mixed Platforms.Build.0 = Release|Any CPU
		{F912EEBA-F5E5-4D6D-9DBC-A6FB8F9EC2A9}.Release|x86.ActiveCfg = Release|Any CPU
		{F912EEBA-F5E5-4D6D-9DBC-A6FB8F9EC2A9}.Release|x86.Build.0 = Release|Any CPU
		{F8D735A7-2917-45C1-8BF1-620192DEA0DD}.Debug|Any CPU.ActiveCfg = Debug|Any CPU
		{F8D735A7-2917-45C1-8BF1-620192DEA0DD}.Debug|Any CPU.Build.0 = Debug|Any CPU
		{F8D735A7-2917-45C1-8BF1-620192DEA0DD}.Debug|Mixed Platforms.ActiveCfg = Debug|Any CPU
		{F8D735A7-2917-45C1-8BF1-620192DEA0DD}.Debug|Mixed Platforms.Build.0 = Debug|Any CPU
		{F8D735A7-2917-45C1-8BF1-620192DEA0DD}.Debug|x86.ActiveCfg = Debug|Any CPU
		{F8D735A7-2917-45C1-8BF1-620192DEA0DD}.Debug|x86.Build.0 = Debug|Any CPU
		{F8D735A7-2917-45C1-8BF1-620192DEA0DD}.Release|Any CPU.ActiveCfg = Release|Any CPU
		{F8D735A7-2917-45C1-8BF1-620192DEA0DD}.Release|Any CPU.Build.0 = Release|Any CPU
		{F8D735A7-2917-45C1-8BF1-620192DEA0DD}.Release|Mixed Platforms.ActiveCfg = Release|Any CPU
		{F8D735A7-2917-45C1-8BF1-620192DEA0DD}.Release|Mixed Platforms.Build.0 = Release|Any CPU
		{F8D735A7-2917-45C1-8BF1-620192DEA0DD}.Release|x86.ActiveCfg = Release|Any CPU
		{F8D735A7-2917-45C1-8BF1-620192DEA0DD}.Release|x86.Build.0 = Release|Any CPU
		{8096E1D5-6694-42AE-B948-BCF0183F161C}.Debug|Any CPU.ActiveCfg = Debug|Any CPU
		{8096E1D5-6694-42AE-B948-BCF0183F161C}.Debug|Any CPU.Build.0 = Debug|Any CPU
		{8096E1D5-6694-42AE-B948-BCF0183F161C}.Debug|Mixed Platforms.ActiveCfg = Debug|Any CPU
		{8096E1D5-6694-42AE-B948-BCF0183F161C}.Debug|Mixed Platforms.Build.0 = Debug|Any CPU
		{8096E1D5-6694-42AE-B948-BCF0183F161C}.Debug|x86.ActiveCfg = Debug|Any CPU
		{8096E1D5-6694-42AE-B948-BCF0183F161C}.Debug|x86.Build.0 = Debug|Any CPU
		{8096E1D5-6694-42AE-B948-BCF0183F161C}.Release|Any CPU.ActiveCfg = Release|Any CPU
		{8096E1D5-6694-42AE-B948-BCF0183F161C}.Release|Any CPU.Build.0 = Release|Any CPU
		{8096E1D5-6694-42AE-B948-BCF0183F161C}.Release|Mixed Platforms.ActiveCfg = Release|Any CPU
		{8096E1D5-6694-42AE-B948-BCF0183F161C}.Release|Mixed Platforms.Build.0 = Release|Any CPU
		{8096E1D5-6694-42AE-B948-BCF0183F161C}.Release|x86.ActiveCfg = Release|Any CPU
		{8096E1D5-6694-42AE-B948-BCF0183F161C}.Release|x86.Build.0 = Release|Any CPU
		{CA88F7EE-7F14-4D01-9690-80B6DAB16B45}.Debug|Any CPU.ActiveCfg = Debug|Any CPU
		{CA88F7EE-7F14-4D01-9690-80B6DAB16B45}.Debug|Any CPU.Build.0 = Debug|Any CPU
		{CA88F7EE-7F14-4D01-9690-80B6DAB16B45}.Debug|Mixed Platforms.ActiveCfg = Debug|Any CPU
		{CA88F7EE-7F14-4D01-9690-80B6DAB16B45}.Debug|Mixed Platforms.Build.0 = Debug|Any CPU
		{CA88F7EE-7F14-4D01-9690-80B6DAB16B45}.Debug|x86.ActiveCfg = Debug|Any CPU
		{CA88F7EE-7F14-4D01-9690-80B6DAB16B45}.Debug|x86.Build.0 = Debug|Any CPU
		{CA88F7EE-7F14-4D01-9690-80B6DAB16B45}.Release|Any CPU.ActiveCfg = Release|Any CPU
		{CA88F7EE-7F14-4D01-9690-80B6DAB16B45}.Release|Any CPU.Build.0 = Release|Any CPU
		{CA88F7EE-7F14-4D01-9690-80B6DAB16B45}.Release|Mixed Platforms.ActiveCfg = Release|Any CPU
		{CA88F7EE-7F14-4D01-9690-80B6DAB16B45}.Release|Mixed Platforms.Build.0 = Release|Any CPU
		{CA88F7EE-7F14-4D01-9690-80B6DAB16B45}.Release|x86.ActiveCfg = Release|Any CPU
		{CA88F7EE-7F14-4D01-9690-80B6DAB16B45}.Release|x86.Build.0 = Release|Any CPU
		{31303AF2-E92A-4647-8F21-5FEF0C3326A8}.Debug|Any CPU.ActiveCfg = Debug|Any CPU
		{31303AF2-E92A-4647-8F21-5FEF0C3326A8}.Debug|Any CPU.Build.0 = Debug|Any CPU
		{31303AF2-E92A-4647-8F21-5FEF0C3326A8}.Debug|Mixed Platforms.ActiveCfg = Debug|Any CPU
		{31303AF2-E92A-4647-8F21-5FEF0C3326A8}.Debug|Mixed Platforms.Build.0 = Debug|Any CPU
		{31303AF2-E92A-4647-8F21-5FEF0C3326A8}.Debug|x86.ActiveCfg = Debug|Any CPU
		{31303AF2-E92A-4647-8F21-5FEF0C3326A8}.Debug|x86.Build.0 = Debug|Any CPU
		{31303AF2-E92A-4647-8F21-5FEF0C3326A8}.Release|Any CPU.ActiveCfg = Release|Any CPU
		{31303AF2-E92A-4647-8F21-5FEF0C3326A8}.Release|Any CPU.Build.0 = Release|Any CPU
		{31303AF2-E92A-4647-8F21-5FEF0C3326A8}.Release|Mixed Platforms.ActiveCfg = Release|Any CPU
		{31303AF2-E92A-4647-8F21-5FEF0C3326A8}.Release|Mixed Platforms.Build.0 = Release|Any CPU
		{31303AF2-E92A-4647-8F21-5FEF0C3326A8}.Release|x86.ActiveCfg = Release|Any CPU
		{31303AF2-E92A-4647-8F21-5FEF0C3326A8}.Release|x86.Build.0 = Release|Any CPU
		{9AD1F1DF-F2E3-4287-932F-58A735EE3546}.Debug|Any CPU.ActiveCfg = Debug|Any CPU
		{9AD1F1DF-F2E3-4287-932F-58A735EE3546}.Debug|Any CPU.Build.0 = Debug|Any CPU
		{9AD1F1DF-F2E3-4287-932F-58A735EE3546}.Debug|Mixed Platforms.ActiveCfg = Debug|Any CPU
		{9AD1F1DF-F2E3-4287-932F-58A735EE3546}.Debug|Mixed Platforms.Build.0 = Debug|Any CPU
		{9AD1F1DF-F2E3-4287-932F-58A735EE3546}.Debug|x86.ActiveCfg = Debug|Any CPU
		{9AD1F1DF-F2E3-4287-932F-58A735EE3546}.Debug|x86.Build.0 = Debug|Any CPU
		{9AD1F1DF-F2E3-4287-932F-58A735EE3546}.Release|Any CPU.ActiveCfg = Release|Any CPU
		{9AD1F1DF-F2E3-4287-932F-58A735EE3546}.Release|Any CPU.Build.0 = Release|Any CPU
		{9AD1F1DF-F2E3-4287-932F-58A735EE3546}.Release|Mixed Platforms.ActiveCfg = Release|Any CPU
		{9AD1F1DF-F2E3-4287-932F-58A735EE3546}.Release|Mixed Platforms.Build.0 = Release|Any CPU
		{9AD1F1DF-F2E3-4287-932F-58A735EE3546}.Release|x86.ActiveCfg = Release|Any CPU
		{9AD1F1DF-F2E3-4287-932F-58A735EE3546}.Release|x86.Build.0 = Release|Any CPU
		{71A7438F-C943-419C-AFFF-E69143227E75}.Debug|Any CPU.ActiveCfg = Debug|Any CPU
		{71A7438F-C943-419C-AFFF-E69143227E75}.Debug|Any CPU.Build.0 = Debug|Any CPU
		{71A7438F-C943-419C-AFFF-E69143227E75}.Debug|Mixed Platforms.ActiveCfg = Debug|Any CPU
		{71A7438F-C943-419C-AFFF-E69143227E75}.Debug|Mixed Platforms.Build.0 = Debug|Any CPU
		{71A7438F-C943-419C-AFFF-E69143227E75}.Debug|x86.ActiveCfg = Debug|Any CPU
		{71A7438F-C943-419C-AFFF-E69143227E75}.Debug|x86.Build.0 = Debug|Any CPU
		{71A7438F-C943-419C-AFFF-E69143227E75}.Release|Any CPU.ActiveCfg = Release|Any CPU
		{71A7438F-C943-419C-AFFF-E69143227E75}.Release|Any CPU.Build.0 = Release|Any CPU
		{71A7438F-C943-419C-AFFF-E69143227E75}.Release|Mixed Platforms.ActiveCfg = Release|Any CPU
		{71A7438F-C943-419C-AFFF-E69143227E75}.Release|Mixed Platforms.Build.0 = Release|Any CPU
		{71A7438F-C943-419C-AFFF-E69143227E75}.Release|x86.ActiveCfg = Release|Any CPU
		{71A7438F-C943-419C-AFFF-E69143227E75}.Release|x86.Build.0 = Release|Any CPU
		{9821849C-812F-4503-8485-660553F3607A}.Debug|Any CPU.ActiveCfg = Debug|Any CPU
		{9821849C-812F-4503-8485-660553F3607A}.Debug|Any CPU.Build.0 = Debug|Any CPU
		{9821849C-812F-4503-8485-660553F3607A}.Debug|Mixed Platforms.ActiveCfg = Debug|Any CPU
		{9821849C-812F-4503-8485-660553F3607A}.Debug|Mixed Platforms.Build.0 = Debug|Any CPU
		{9821849C-812F-4503-8485-660553F3607A}.Debug|x86.ActiveCfg = Debug|Any CPU
		{9821849C-812F-4503-8485-660553F3607A}.Debug|x86.Build.0 = Debug|Any CPU
		{9821849C-812F-4503-8485-660553F3607A}.Release|Any CPU.ActiveCfg = Release|Any CPU
		{9821849C-812F-4503-8485-660553F3607A}.Release|Any CPU.Build.0 = Release|Any CPU
		{9821849C-812F-4503-8485-660553F3607A}.Release|Mixed Platforms.ActiveCfg = Release|Any CPU
		{9821849C-812F-4503-8485-660553F3607A}.Release|Mixed Platforms.Build.0 = Release|Any CPU
		{9821849C-812F-4503-8485-660553F3607A}.Release|x86.ActiveCfg = Release|Any CPU
		{9821849C-812F-4503-8485-660553F3607A}.Release|x86.Build.0 = Release|Any CPU
		{EF14F71A-A1F3-424C-A30C-7C3BA5848D6C}.Debug|Any CPU.ActiveCfg = Debug|Any CPU
		{EF14F71A-A1F3-424C-A30C-7C3BA5848D6C}.Debug|Any CPU.Build.0 = Debug|Any CPU
		{EF14F71A-A1F3-424C-A30C-7C3BA5848D6C}.Debug|Mixed Platforms.ActiveCfg = Debug|Any CPU
		{EF14F71A-A1F3-424C-A30C-7C3BA5848D6C}.Debug|Mixed Platforms.Build.0 = Debug|Any CPU
		{EF14F71A-A1F3-424C-A30C-7C3BA5848D6C}.Debug|x86.ActiveCfg = Debug|Any CPU
		{EF14F71A-A1F3-424C-A30C-7C3BA5848D6C}.Debug|x86.Build.0 = Debug|Any CPU
		{EF14F71A-A1F3-424C-A30C-7C3BA5848D6C}.Release|Any CPU.ActiveCfg = Release|Any CPU
		{EF14F71A-A1F3-424C-A30C-7C3BA5848D6C}.Release|Any CPU.Build.0 = Release|Any CPU
		{EF14F71A-A1F3-424C-A30C-7C3BA5848D6C}.Release|Mixed Platforms.ActiveCfg = Release|Any CPU
		{EF14F71A-A1F3-424C-A30C-7C3BA5848D6C}.Release|Mixed Platforms.Build.0 = Release|Any CPU
		{EF14F71A-A1F3-424C-A30C-7C3BA5848D6C}.Release|x86.ActiveCfg = Release|Any CPU
		{EF14F71A-A1F3-424C-A30C-7C3BA5848D6C}.Release|x86.Build.0 = Release|Any CPU
	EndGlobalSection
	GlobalSection(SolutionProperties) = preSolution
		HideSolutionNode = FALSE
	EndGlobalSection
	GlobalSection(NestedProjects) = preSolution
		{A1D95DAE-AB2B-4D12-AB31-2D27A9DBC560} = {EB920AED-E002-4C00-91E4-C8E3EBEF86A0}
		{81090221-4B6C-47D2-905A-52B78AFEC9DC} = {EB920AED-E002-4C00-91E4-C8E3EBEF86A0}
		{746C2241-AE39-42B8-8188-0B7FA0EBB09B} = {3FEEC3A1-D8C7-4DB2-9FD6-7D95100C8DEF}
		{AAE82F91-2F51-47D7-9C04-E2EBE8041DB2} = {036CB763-E543-43AE-99D5-123AA5D7047F}
		{7E29ADDD-D954-4319-872F-057D4271CDE7} = {EB920AED-E002-4C00-91E4-C8E3EBEF86A0}
		{3C322A48-0967-47D9-B6A3-D59FA2B1DACF} = {036CB763-E543-43AE-99D5-123AA5D7047F}
		{7FD78CF4-CF68-484D-8825-FC5B9877EEE5} = {036CB763-E543-43AE-99D5-123AA5D7047F}
		{FB40DB1F-3328-41C0-95E6-259561FA882E} = {3FEEC3A1-D8C7-4DB2-9FD6-7D95100C8DEF}
		{B1C20B8D-78DF-45C2-B16F-D3DAC49A618E} = {0BDE9CD8-02B1-4A05-A68C-0537144525C2}
		{BA355A8C-707B-4B30-85EA-E5400B3D9532} = {0BDE9CD8-02B1-4A05-A68C-0537144525C2}
		{D1F03D12-29FE-4D58-9525-2BAA732FD557} = {0BDE9CD8-02B1-4A05-A68C-0537144525C2}
		{7C33BB52-20F3-4E7E-8541-5F424EC05B3C} = {EB920AED-E002-4C00-91E4-C8E3EBEF86A0}
		{B64C47D1-1A6E-49B0-8CF6-523FFE522629} = {EB920AED-E002-4C00-91E4-C8E3EBEF86A0}
		{8FAEE89D-F827-4937-A433-CFFD28570BB9} = {0BDE9CD8-02B1-4A05-A68C-0537144525C2}
		{51CA808C-9A44-4042-B51C-C1EE18679184} = {0BDE9CD8-02B1-4A05-A68C-0537144525C2}
		{3043B56E-260A-4238-868E-2EB69A9057B9} = {0BDE9CD8-02B1-4A05-A68C-0537144525C2}
		{549F5835-D5D6-46F3-BE68-4FEC785E1DB9} = {036CB763-E543-43AE-99D5-123AA5D7047F}
		{9DD434CC-D890-48DB-8FB4-5A648AD23427} = {EB920AED-E002-4C00-91E4-C8E3EBEF86A0}
		{634B0667-4C7D-4E0A-BA15-FEAD9DA0F44A} = {EB920AED-E002-4C00-91E4-C8E3EBEF86A0}
		{909F2474-1F08-478C-BEB4-1CBCA3D04D49} = {EB920AED-E002-4C00-91E4-C8E3EBEF86A0}
		{8E770CDC-29D1-4EEC-BB7D-3EE48E8C0AA2} = {036CB763-E543-43AE-99D5-123AA5D7047F}
		{9FEC6681-6BA1-4039-9DFA-1A6868DDC05E} = {036CB763-E543-43AE-99D5-123AA5D7047F}
		{108C809D-2FE0-4BA9-9BA7-330BD734D585} = {0BDE9CD8-02B1-4A05-A68C-0537144525C2}
		{D2386D74-02CD-4FDC-993B-1EFDB0524962} = {3FEEC3A1-D8C7-4DB2-9FD6-7D95100C8DEF}
		{78CB4D18-174C-400E-B83F-2B17277F2D3F} = {0BDE9CD8-02B1-4A05-A68C-0537144525C2}
		{321498CD-5DA0-4158-AE49-56F9B77B8FC8} = {3FEEC3A1-D8C7-4DB2-9FD6-7D95100C8DEF}
		{B8857A7D-9049-4C78-B2DA-09848BDA4D15} = {036CB763-E543-43AE-99D5-123AA5D7047F}
		{D7F8E6CD-ECF1-4F65-A96C-9C452BC6F3F6} = {EB920AED-E002-4C00-91E4-C8E3EBEF86A0}
		{69F786FC-42AF-40F8-9CC7-4819F5F59C2F} = {3FEEC3A1-D8C7-4DB2-9FD6-7D95100C8DEF}
		{57181933-2E7A-4E10-BE70-79E6C521FBBE} = {13C41D10-4C4C-40C6-94D4-FDB9C88DFB2E}
		{CB676F63-52E2-44C2-9BC3-CDB03A5E05AD} = {3FEEC3A1-D8C7-4DB2-9FD6-7D95100C8DEF}
		{DC3E9C8F-F117-4CE8-8F8B-168EA62C0A0B} = {036CB763-E543-43AE-99D5-123AA5D7047F}
		{B2264AA2-5EEF-4F1F-A233-927666B11711} = {EB920AED-E002-4C00-91E4-C8E3EBEF86A0}
		{B885EDF3-08C1-4F99-9E44-594E0A1CC910} = {036CB763-E543-43AE-99D5-123AA5D7047F}
		{A61FA848-0FEC-4F39-AF17-69E71006B04A} = {036CB763-E543-43AE-99D5-123AA5D7047F}
		{EE260773-157B-44C2-B3BB-77B0EBAACBB6} = {0BDE9CD8-02B1-4A05-A68C-0537144525C2}
		{AC82F667-492B-4CF2-AA6B-52ED4EB4694F} = {3FEEC3A1-D8C7-4DB2-9FD6-7D95100C8DEF}
		{D90DA41D-9262-46AF-9DA3-CA953B83BFED} = {0BDE9CD8-02B1-4A05-A68C-0537144525C2}
		{AA3E04B1-76FD-487F-9C17-69BBD4E863FD} = {EB920AED-E002-4C00-91E4-C8E3EBEF86A0}
		{4AE49B51-7C8E-48F3-B8A7-081754844C53} = {3FEEC3A1-D8C7-4DB2-9FD6-7D95100C8DEF}
		{611939C6-C241-4C95-9889-FDB0B0335B93} = {3FEEC3A1-D8C7-4DB2-9FD6-7D95100C8DEF}
		{F912EEBA-F5E5-4D6D-9DBC-A6FB8F9EC2A9} = {EB920AED-E002-4C00-91E4-C8E3EBEF86A0}
		{F8D735A7-2917-45C1-8BF1-620192DEA0DD} = {F713F056-12D4-464D-9C2D-E1CACD2C603F}
		{8096E1D5-6694-42AE-B948-BCF0183F161C} = {EB920AED-E002-4C00-91E4-C8E3EBEF86A0}
		{CA88F7EE-7F14-4D01-9690-80B6DAB16B45} = {EB920AED-E002-4C00-91E4-C8E3EBEF86A0}
		{31303AF2-E92A-4647-8F21-5FEF0C3326A8} = {EB920AED-E002-4C00-91E4-C8E3EBEF86A0}
		{9AD1F1DF-F2E3-4287-932F-58A735EE3546} = {EB920AED-E002-4C00-91E4-C8E3EBEF86A0}
		{9821849C-812F-4503-8485-660553F3607A} = {0BDE9CD8-02B1-4A05-A68C-0537144525C2}
	EndGlobalSection
EndGlobal
